
Microsoft Visual Studio Solution File, Format Version 12.00
# Visual Studio Version 16
VisualStudioVersion = 16.0.29911.84
MinimumVisualStudioVersion = 10.0.40219.1
Project("{FAE04EC0-301F-11D3-BF4B-00C04F79EFBC}") = "FruitCity", "FruitCity.csproj", "{E9EAAB88-8CEE-4C36-8761-760E1520563E}"
EndProject
Global
	GlobalSection(SolutionConfigurationPlatforms) = preSolution
		Debug|Any CPU = Debug|Any CPU
		Release|Any CPU = Release|Any CPU
	EndGlobalSection
	GlobalSection(ProjectConfigurationPlatforms) = postSolution
		{E9EAAB88-8CEE-4C36-8761-760E1520563E}.Debug|Any CPU.ActiveCfg = Debug|Any CPU
		{E9EAAB88-8CEE-4C36-8761-760E1520563E}.Debug|Any CPU.Build.0 = Debug|Any CPU
		{E9EAAB88-8CEE-4C36-8761-760E1520563E}.Release|Any CPU.ActiveCfg = Release|Any CPU
		{E9EAAB88-8CEE-4C36-8761-760E1520563E}.Release|Any CPU.Build.0 = Release|Any CPU
	EndGlobalSection
	GlobalSection(SolutionProperties) = preSolution
		HideSolutionNode = FALSE
	EndGlobalSection
	GlobalSection(ExtensibilityGlobals) = postSolution
		SolutionGuid = {971FED23-E8AF-4213-8A78-E69482262089}
	EndGlobalSection
EndGlobal
